Microsoft Visual Studio Solution File, Format Version 12.00
# Visual Studio Version 17
VisualStudioVersion = 17.5.2.0
MinimumVisualStudioVersion = 10.0.40219.1
Project("{2150E333-8FDC-42A3-9474-1A3956D46DE8}") = "nfe-system", "nfe-system", "{EA5F2E82-51B4-2285-E5D0-227E2F0B0191}"
EndProject
Project("{2150E333-8FDC-42A3-9474-1A3956D46DE8}") = "inventory-service", "inventory-service", "{2727A4AC-47A3-4E7F-2AE7-DB73C953B09F}"
EndProject
Project("{FAE04EC0-301F-11D3-BF4B-00C04F79EFBC}") = "InventoryService", "nfe-system\inventory-service\InventoryService\InventoryService.csproj", "{8F1C01DA-04DB-ADB6-96C6-43C24F336755}"
EndProject
Global
	GlobalSection(SolutionConfigurationPlatforms) = preSolution
		Debug|Any CPU = Debug|Any CPU
		Release|Any CPU = Release|Any CPU
	EndGlobalSection
	GlobalSection(ProjectConfigurationPlatforms) = postSolution
		{8F1C01DA-04DB-ADB6-96C6-43C24F336755}.Debug|Any CPU.ActiveCfg = Debug|Any CPU
		{8F1C01DA-04DB-ADB6-96C6-43C24F336755}.Debug|Any CPU.Build.0 = Debug|Any CPU
		{8F1C01DA-04DB-ADB6-96C6-43C24F336755}.Release|Any CPU.ActiveCfg = Release|Any CPU
		{8F1C01DA-04DB-ADB6-96C6-43C24F336755}.Release|Any CPU.Build.0 = Release|Any CPU
	EndGlobalSection
	GlobalSection(SolutionProperties) = preSolution
		HideSolutionNode = FALSE
	EndGlobalSection
	GlobalSection(NestedProjects) = preSolution
		{2727A4AC-47A3-4E7F-2AE7-DB73C953B09F} = {EA5F2E82-51B4-2285-E5D0-227E2F0B0191}
		{8F1C01DA-04DB-ADB6-96C6-43C24F336755} = {2727A4AC-47A3-4E7F-2AE7-DB73C953B09F}
	EndGlobalSection
	GlobalSection(ExtensibilityGlobals) = postSolution
		SolutionGuid = {5DF22EB0-CF0C-4E3D-91AF-1801EF1C75E4}
	EndGlobalSection
EndGlobal
