Microsoft Visual Studio Solution File, Format Version 12.00
# Visual Studio Version 17
VisualStudioVersion = 17.5.2.0
MinimumVisualStudioVersion = 10.0.40219.1
Project("{2150E333-8FDC-42A3-9474-1A3956D46DE8}") = "inventory-service", "inventory-service", "{0AAB3A4B-D108-5556-656E-FFDE5CAFE5D4}"
EndProject
Project("{2150E333-8FDC-42A3-9474-1A3956D46DE8}") = "billing-service", "billing-service", "{F059936C-E7C6-2A05-9D6A-F6BA0DF2BE45}"
EndProject
Project("{FAE04EC0-301F-11D3-BF4B-00C04F79EFBC}") = "InventoryService", "inventory-service\InventoryService\InventoryService.csproj", "{830D2E0C-C7E6-1A4A-5E8E-32DB55684700}"
EndProject
Project("{FAE04EC0-301F-11D3-BF4B-00C04F79EFBC}") = "BillingService", "billing-service\BillingService\BillingService.csproj", "{0B5A9F2D-757F-C1BF-4343-02F58BF68C78}"
EndProject
Global
	GlobalSection(SolutionConfigurationPlatforms) = preSolution
		Debug|Any CPU = Debug|Any CPU
		Release|Any CPU = Release|Any CPU
	EndGlobalSection
	GlobalSection(ProjectConfigurationPlatforms) = postSolution
		{830D2E0C-C7E6-1A4A-5E8E-32DB55684700}.Debug|Any CPU.ActiveCfg = Debug|Any CPU
		{830D2E0C-C7E6-1A4A-5E8E-32DB55684700}.Debug|Any CPU.Build.0 = Debug|Any CPU
		{830D2E0C-C7E6-1A4A-5E8E-32DB55684700}.Release|Any CPU.ActiveCfg = Release|Any CPU
		{830D2E0C-C7E6-1A4A-5E8E-32DB55684700}.Release|Any CPU.Build.0 = Release|Any CPU
		{0B5A9F2D-757F-C1BF-4343-02F58BF68C78}.Debug|Any CPU.ActiveCfg = Debug|Any CPU
		{0B5A9F2D-757F-C1BF-4343-02F58BF68C78}.Debug|Any CPU.Build.0 = Debug|Any CPU
		{0B5A9F2D-757F-C1BF-4343-02F58BF68C78}.Release|Any CPU.ActiveCfg = Release|Any CPU
		{0B5A9F2D-757F-C1BF-4343-02F58BF68C78}.Release|Any CPU.Build.0 = Release|Any CPU
	EndGlobalSection
	GlobalSection(SolutionProperties) = preSolution
		HideSolutionNode = FALSE
	EndGlobalSection
	GlobalSection(NestedProjects) = preSolution
		{830D2E0C-C7E6-1A4A-5E8E-32DB55684700} = {0AAB3A4B-D108-5556-656E-FFDE5CAFE5D4}
		{0B5A9F2D-757F-C1BF-4343-02F58BF68C78} = {F059936C-E7C6-2A05-9D6A-F6BA0DF2BE45}
	EndGlobalSection
	GlobalSection(ExtensibilityGlobals) = postSolution
		SolutionGuid = {A1D6A22B-0FAD-4510-B0B6-904E16F5A53C}
	EndGlobalSection
EndGlobal
